
Microsoft Visual Studio Solution File, Format Version 12.00
# Visual Studio Version 16
VisualStudioVersion = 16.0.30204.135
MinimumVisualStudioVersion = 10.0.40219.1
Project("{FAE04EC0-301F-11D3-BF4B-00C04F79EFBC}") = "exercise", "exercise.csproj", "{F2FAEBC3-2519-4889-8284-236FC48894FE}"
EndProject
Project("{54435603-DBB4-11D2-8724-00A0C9A8B90C}") = "2021信息技术刷题", "..\2021信息技术刷题\2021信息技术刷题.vdproj", "{9A724638-D53B-4DB6-98D3-8523F125D088}"
EndProject
Global
	GlobalSection(SolutionConfigurationPlatforms) = preSolution
		Debug|Any CPU = Debug|Any CPU
		Release|Any CPU = Release|Any CPU
	EndGlobalSection
	GlobalSection(ProjectConfigurationPlatforms) = postSolution
		{F2FAEBC3-2519-4889-8284-236FC48894FE}.Debug|Any CPU.ActiveCfg = Debug|Any CPU
		{F2FAEBC3-2519-4889-8284-236FC48894FE}.Debug|Any CPU.Build.0 = Debug|Any CPU
		{F2FAEBC3-2519-4889-8284-236FC48894FE}.Release|Any CPU.ActiveCfg = Release|Any CPU
		{F2FAEBC3-2519-4889-8284-236FC48894FE}.Release|Any CPU.Build.0 = Release|Any CPU
		{9A724638-D53B-4DB6-98D3-8523F125D088}.Debug|Any CPU.ActiveCfg = Debug
		{9A724638-D53B-4DB6-98D3-8523F125D088}.Release|Any CPU.ActiveCfg = Release
	EndGlobalSection
	GlobalSection(SolutionProperties) = preSolution
		HideSolutionNode = FALSE
	EndGlobalSection
	GlobalSection(ExtensibilityGlobals) = postSolution
		SolutionGuid = {7342ED6E-4A94-4C32-B86F-654AAAD8CACB}
	EndGlobalSection
EndGlobal
